
Microsoft Visual Studio Solution File, Format Version 12.00
# Visual Studio 15
VisualStudioVersion = 15.0.28307.1525
MinimumVisualStudioVersion = 10.0.40219.1
Project("{FAE04EC0-301F-11D3-BF4B-00C04F79EFBC}") = "Server", "Server\Server.csproj", "{5FE07DF8-84B7-40EF-84AA-7EA45B206265}"
EndProject
Project("{FAE04EC0-301F-11D3-BF4B-00C04F79EFBC}") = "ClientCS", "ClientCS\ClientCS.csproj", "{01F4CBBD-5322-4A19-A623-2117895C8A4E}"
EndProject
Project("{FAE04EC0-301F-11D3-BF4B-00C04F79EFBC}") = "Interface", "Interface\Interface.csproj", "{8E24F35F-540B-4F98-885E-F8985A0AFF1F}"
EndProject
Global
	GlobalSection(SolutionConfigurationPlatforms) = preSolution
		Debug|Any CPU = Debug|Any CPU
		Debug|x64 = Debug|x64
		Debug|x86 = Debug|x86
		Release|Any CPU = Release|Any CPU
		Release|x64 = Release|x64
		Release|x86 = Release|x86
	EndGlobalSection
	GlobalSection(ProjectConfigurationPlatforms) = postSolution
		{5FE07DF8-84B7-40EF-84AA-7EA45B206265}.Debug|Any CPU.ActiveCfg = Debug|Any CPU
		{5FE07DF8-84B7-40EF-84AA-7EA45B206265}.Debug|Any CPU.Build.0 = Debug|Any CPU
		{5FE07DF8-84B7-40EF-84AA-7EA45B206265}.Debug|x64.ActiveCfg = Debug|Any CPU
		{5FE07DF8-84B7-40EF-84AA-7EA45B206265}.Debug|x64.Build.0 = Debug|Any CPU
		{5FE07DF8-84B7-40EF-84AA-7EA45B206265}.Debug|x86.ActiveCfg = Debug|Any CPU
		{5FE07DF8-84B7-40EF-84AA-7EA45B206265}.Debug|x86.Build.0 = Debug|Any CPU
		{5FE07DF8-84B7-40EF-84AA-7EA45B206265}.Release|Any CPU.ActiveCfg = Release|Any CPU
		{5FE07DF8-84B7-40EF-84AA-7EA45B206265}.Release|Any CPU.Build.0 = Release|Any CPU
		{5FE07DF8-84B7-40EF-84AA-7EA45B206265}.Release|x64.ActiveCfg = Release|Any CPU
		{5FE07DF8-84B7-40EF-84AA-7EA45B206265}.Release|x64.Build.0 = Release|Any CPU
		{5FE07DF8-84B7-40EF-84AA-7EA45B206265}.Release|x86.ActiveCfg = Release|Any CPU
		{5FE07DF8-84B7-40EF-84AA-7EA45B206265}.Release|x86.Build.0 = Release|Any CPU
		{01F4CBBD-5322-4A19-A623-2117895C8A4E}.Debug|Any CPU.ActiveCfg = Debug|Any CPU
		{01F4CBBD-5322-4A19-A623-2117895C8A4E}.Debug|Any CPU.Build.0 = Debug|Any CPU
		{01F4CBBD-5322-4A19-A623-2117895C8A4E}.Debug|x64.ActiveCfg = Debug|Any CPU
		{01F4CBBD-5322-4A19-A623-2117895C8A4E}.Debug|x64.Build.0 = Debug|Any CPU
		{01F4CBBD-5322-4A19-A623-2117895C8A4E}.Debug|x86.ActiveCfg = Debug|Any CPU
		{01F4CBBD-5322-4A19-A623-2117895C8A4E}.Debug|x86.Build.0 = Debug|Any CPU
		{01F4CBBD-5322-4A19-A623-2117895C8A4E}.Release|Any CPU.ActiveCfg = Release|Any CPU
		{01F4CBBD-5322-4A19-A623-2117895C8A4E}.Release|Any CPU.Build.0 = Release|Any CPU
		{01F4CBBD-5322-4A19-A623-2117895C8A4E}.Release|x64.ActiveCfg = Release|Any CPU
		{01F4CBBD-5322-4A19-A623-2117895C8A4E}.Release|x64.Build.0 = Release|Any CPU
		{01F4CBBD-5322-4A19-A623-2117895C8A4E}.Release|x86.ActiveCfg = Release|Any CPU
		{01F4CBBD-5322-4A19-A623-2117895C8A4E}.Release|x86.Build.0 = Release|Any CPU
		{8E24F35F-540B-4F98-885E-F8985A0AFF1F}.Debug|Any CPU.ActiveCfg = Debug|Any CPU
		{8E24F35F-540B-4F98-885E-F8985A0AFF1F}.Debug|Any CPU.Build.0 = Debug|Any CPU
		{8E24F35F-540B-4F98-885E-F8985A0AFF1F}.Debug|x64.ActiveCfg = Debug|Any CPU
		{8E24F35F-540B-4F98-885E-F8985A0AFF1F}.Debug|x64.Build.0 = Debug|Any CPU
		{8E24F35F-540B-4F98-885E-F8985A0AFF1F}.Debug|x86.ActiveCfg = Debug|Any CPU
		{8E24F35F-540B-4F98-885E-F8985A0AFF1F}.Debug|x86.Build.0 = Debug|Any CPU
		{8E24F35F-540B-4F98-885E-F8985A0AFF1F}.Release|Any CPU.ActiveCfg = Release|Any CPU
		{8E24F35F-540B-4F98-885E-F8985A0AFF1F}.Release|Any CPU.Build.0 = Release|Any CPU
		{8E24F35F-540B-4F98-885E-F8985A0AFF1F}.Release|x64.ActiveCfg = Release|Any CPU
		{8E24F35F-540B-4F98-885E-F8985A0AFF1F}.Release|x64.Build.0 = Release|Any CPU
		{8E24F35F-540B-4F98-885E-F8985A0AFF1F}.Release|x86.ActiveCfg = Release|Any CPU
		{8E24F35F-540B-4F98-885E-F8985A0AFF1F}.Release|x86.Build.0 = Release|Any CPU
	EndGlobalSection
	GlobalSection(SolutionProperties) = preSolution
		HideSolutionNode = FALSE
	EndGlobalSection
	GlobalSection(ExtensibilityGlobals) = postSolution
		SolutionGuid = {42FA4FE0-45D3-42E7-94B6-A60ED9206438}
	EndGlobalSection
EndGlobal
